
Microsoft Visual Studio Solution File, Format Version 12.00
# Visual Studio Version 16
VisualStudioVersion = 16.0.31112.23
MinimumVisualStudioVersion = 10.0.40219.1
Project("{FAE04EC0-301F-11D3-BF4B-00C04F79EFBC}") = "C-sharp-MSEdge_Chromium_Browser_automating", "C-sharp-MSEdge_Chromium_Browser_automating\C-sharp-MSEdge_Chromium_Browser_automating.csproj", "{66AC790D-7F54-4358-849D-C9380C8F683B}"
EndProject
Global
	GlobalSection(SolutionConfigurationPlatforms) = preSolution
		Debug|Any CPU = Debug|Any CPU
		Release|Any CPU = Release|Any CPU
	EndGlobalSection
	GlobalSection(ProjectConfigurationPlatforms) = postSolution
		{66AC790D-7F54-4358-849D-C9380C8F683B}.Debug|Any CPU.ActiveCfg = Debug|Any CPU
		{66AC790D-7F54-4358-849D-C9380C8F683B}.Debug|Any CPU.Build.0 = Debug|Any CPU
		{66AC790D-7F54-4358-849D-C9380C8F683B}.Release|Any CPU.ActiveCfg = Release|Any CPU
		{66AC790D-7F54-4358-849D-C9380C8F683B}.Release|Any CPU.Build.0 = Release|Any CPU
	EndGlobalSection
	GlobalSection(SolutionProperties) = preSolution
		HideSolutionNode = FALSE
	EndGlobalSection
	GlobalSection(ExtensibilityGlobals) = postSolution
		SolutionGuid = {04FD021D-8968-4EE1-9033-23A680B22008}
	EndGlobalSection
EndGlobal
